// !$*UTF8*$!
{
	archiveVersion = 1;
	classes = {
	};
	objectVersion = 56;
	objects = {

/* Begin PBXBuildFile section */
		1C2E8ED829C1E14C00DB0822 /* VC+Ext.swift in Sources */ = {isa = PBXBuildFile; fileRef = 1C2E8ED729C1E14C00DB0822 /* VC+Ext.swift */; };
		1C2E8EDA29C1E21B00DB0822 /* Tableview+Ext.swift in Sources */ = {isa = PBXBuildFile; fileRef = 1C2E8ED929C1E21B00DB0822 /* Tableview+Ext.swift */; };
		1C2E8EDD29C1E6F400DB0822 /* CategoriesCollectionViewCell.swift in Sources */ = {isa = PBXBuildFile; fileRef = 1C2E8EDC29C1E6F400DB0822 /* CategoriesCollectionViewCell.swift */; };
		1C2E8EE029C1E93200DB0822 /* SPImageView.swift in Sources */ = {isa = PBXBuildFile; fileRef = 1C2E8EDF29C1E93200DB0822 /* SPImageView.swift */; };
		1C2EE92329C1C07700B3D24A /* SPBodyLabel.swift in Sources */ = {isa = PBXBuildFile; fileRef = 1C2EE92229C1C07700B3D24A /* SPBodyLabel.swift */; };
		1C2EE92529C1C0AB00B3D24A /* SPSecondaryTitleLabel.swift in Sources */ = {isa = PBXBuildFile; fileRef = 1C2EE92429C1C0AB00B3D24A /* SPSecondaryTitleLabel.swift */; };
		1C2EE92829C1C23100B3D24A /* SPAlertVC.swift in Sources */ = {isa = PBXBuildFile; fileRef = 1C2EE92729C1C23100B3D24A /* SPAlertVC.swift */; };
		1C2EE92B29C1C35E00B3D24A /* SPAlertContainerView.swift in Sources */ = {isa = PBXBuildFile; fileRef = 1C2EE92A29C1C35E00B3D24A /* SPAlertContainerView.swift */; };
		1C2EE92E29C1C3BB00B3D24A /* SPButton.swift in Sources */ = {isa = PBXBuildFile; fileRef = 1C2EE92D29C1C3BB00B3D24A /* SPButton.swift */; };
		1C322F1C29C76FED000BA900 /* PersistenceManager.swift in Sources */ = {isa = PBXBuildFile; fileRef = 1C322F1B29C76FED000BA900 /* PersistenceManager.swift */; };
		1C41DA6B29DC1B2800297F1A /* SignUpImageView.swift in Sources */ = {isa = PBXBuildFile; fileRef = 1C41DA6A29DC1B2800297F1A /* SignUpImageView.swift */; };
		1C41DA6D29DC272400297F1A /* SPContainerView.swift in Sources */ = {isa = PBXBuildFile; fileRef = 1C41DA6C29DC272400297F1A /* SPContainerView.swift */; };
		1C46121829BF795700B3C891 /* BookmarksVC.swift in Sources */ = {isa = PBXBuildFile; fileRef = 1C46121729BF795700B3C891 /* BookmarksVC.swift */; };
		1C46121A29BF798400B3C891 /* RecipesVC.swift in Sources */ = {isa = PBXBuildFile; fileRef = 1C46121929BF798400B3C891 /* RecipesVC.swift */; };
		1C46121C29BF79B100B3C891 /* ProfileVC.swift in Sources */ = {isa = PBXBuildFile; fileRef = 1C46121B29BF79B100B3C891 /* ProfileVC.swift */; };
		1C46973929BD3FF900918782 /* AppDelegate.swift in Sources */ = {isa = PBXBuildFile; fileRef = 1C46973829BD3FF900918782 /* AppDelegate.swift */; };
		1C46973B29BD3FF900918782 /* SceneDelegate.swift in Sources */ = {isa = PBXBuildFile; fileRef = 1C46973A29BD3FF900918782 /* SceneDelegate.swift */; };
		1C46973D29BD3FF900918782 /* HomeVC.swift in Sources */ = {isa = PBXBuildFile; fileRef = 1C46973C29BD3FF900918782 /* HomeVC.swift */; };
		1C46974229BD3FFA00918782 /* Assets.xcassets in Resources */ = {isa = PBXBuildFile; fileRef = 1C46974129BD3FFA00918782 /* Assets.xcassets */; };
		1C46974529BD3FFA00918782 /* LaunchScreen.storyboard in Resources */ = {isa = PBXBuildFile; fileRef = 1C46974329BD3FFA00918782 /* LaunchScreen.storyboard */; };
		1C4BF8FB29D7299F009286D4 /* MadeItHeaderView.swift in Sources */ = {isa = PBXBuildFile; fileRef = 1C4BF8FA29D7299F009286D4 /* MadeItHeaderView.swift */; };
		1C4BF8FD29D72AED009286D4 /* MadeItCollectionViewCell.swift in Sources */ = {isa = PBXBuildFile; fileRef = 1C4BF8FC29D72AED009286D4 /* MadeItCollectionViewCell.swift */; };
		1C4BF8FF29D72E67009286D4 /* BreakfastHeaderView.swift in Sources */ = {isa = PBXBuildFile; fileRef = 1C4BF8FE29D72E67009286D4 /* BreakfastHeaderView.swift */; };
		1C4BF90129D72E84009286D4 /* LunchHeaderView.swift in Sources */ = {isa = PBXBuildFile; fileRef = 1C4BF90029D72E84009286D4 /* LunchHeaderView.swift */; };
		1C4BF90329D72E95009286D4 /* DinnerHeaderView.swift in Sources */ = {isa = PBXBuildFile; fileRef = 1C4BF90229D72E95009286D4 /* DinnerHeaderView.swift */; };
		1C4BF90529D72F85009286D4 /* BreakfastCollectionViewCell.swift in Sources */ = {isa = PBXBuildFile; fileRef = 1C4BF90429D72F85009286D4 /* BreakfastCollectionViewCell.swift */; };
		1C4BF90729D72F95009286D4 /* LunchCollectionViewCell.swift in Sources */ = {isa = PBXBuildFile; fileRef = 1C4BF90629D72F95009286D4 /* LunchCollectionViewCell.swift */; };
		1C4BF90929D72FA5009286D4 /* DinnerCollectionViewCell.swift in Sources */ = {isa = PBXBuildFile; fileRef = 1C4BF90829D72FA5009286D4 /* DinnerCollectionViewCell.swift */; };
		1C4D728429D9C233009F911E /* OverlayView.swift in Sources */ = {isa = PBXBuildFile; fileRef = 1C4D728329D9C233009F911E /* OverlayView.swift */; };
		1C517FE629D5A17A00922940 /* BookmarksVC+Ext.swift in Sources */ = {isa = PBXBuildFile; fileRef = 1C517FE529D5A17A00922940 /* BookmarksVC+Ext.swift */; };
		1C517FE829D5A45200922940 /* RVCollectionViewCell.swift in Sources */ = {isa = PBXBuildFile; fileRef = 1C517FE729D5A45200922940 /* RVCollectionViewCell.swift */; };
		1C517FEA29D5AA9100922940 /* RVHeaderView.swift in Sources */ = {isa = PBXBuildFile; fileRef = 1C517FE929D5AA9100922940 /* RVHeaderView.swift */; };
		1C51B0A029BF2CDB00A04FAD /* SPTabBarController.swift in Sources */ = {isa = PBXBuildFile; fileRef = 1C51B09F29BF2CDB00A04FAD /* SPTabBarController.swift */; };
		1C5684F629D46F0F00A12137 /* RecommendationHeaderView.swift in Sources */ = {isa = PBXBuildFile; fileRef = 1C5684F529D46F0F00A12137 /* RecommendationHeaderView.swift */; };
		1C5B031A29E6C679003C6AD8 /* GoogleService-Info.plist in Resources */ = {isa = PBXBuildFile; fileRef = 1C5B031929E6C678003C6AD8 /* GoogleService-Info.plist */; };
		1C5B031D29E6C89E003C6AD8 /* FirebaseAnalytics in Frameworks */ = {isa = PBXBuildFile; productRef = 1C5B031C29E6C89E003C6AD8 /* FirebaseAnalytics */; };
		1C5B031F29E6C89E003C6AD8 /* FirebaseAnalyticsSwift in Frameworks */ = {isa = PBXBuildFile; productRef = 1C5B031E29E6C89E003C6AD8 /* FirebaseAnalyticsSwift */; };
		1C5B032129E6C89E003C6AD8 /* FirebaseAuth in Frameworks */ = {isa = PBXBuildFile; productRef = 1C5B032029E6C89E003C6AD8 /* FirebaseAuth */; };
		1C5B032329E6C89E003C6AD8 /* FirebaseDatabase in Frameworks */ = {isa = PBXBuildFile; productRef = 1C5B032229E6C89E003C6AD8 /* FirebaseDatabase */; };
		1C5B032529E6C89E003C6AD8 /* FirebaseDatabaseSwift in Frameworks */ = {isa = PBXBuildFile; productRef = 1C5B032429E6C89E003C6AD8 /* FirebaseDatabaseSwift */; };
		1C5B032729E6C89E003C6AD8 /* FirebaseFirestore in Frameworks */ = {isa = PBXBuildFile; productRef = 1C5B032629E6C89E003C6AD8 /* FirebaseFirestore */; };
		1C5B032929E6C89E003C6AD8 /* FirebaseStorage in Frameworks */ = {isa = PBXBuildFile; productRef = 1C5B032829E6C89E003C6AD8 /* FirebaseStorage */; };
		1C5EA47829D3800800FDCEE0 /* CategoriesHeaderView.swift in Sources */ = {isa = PBXBuildFile; fileRef = 1C5EA47729D3800800FDCEE0 /* CategoriesHeaderView.swift */; };
		1C6BD91129D1DA4F00B7390B /* HomeVC+Ext.swift in Sources */ = {isa = PBXBuildFile; fileRef = 1C6BD91029D1DA4F00B7390B /* HomeVC+Ext.swift */; };
		1C70FD4D29D1CE5F0025120B /* RecommendationCollectionViewCell.swift in Sources */ = {isa = PBXBuildFile; fileRef = 1C70FD4C29D1CE5F0025120B /* RecommendationCollectionViewCell.swift */; };
		1C7FF06729C6D01C0063B280 /* UIHelper.swift in Sources */ = {isa = PBXBuildFile; fileRef = 1C7FF06629C6D01C0063B280 /* UIHelper.swift */; };
		1C982B8B29C0597700CA7471 /* SPTextField.swift in Sources */ = {isa = PBXBuildFile; fileRef = 1C982B8A29C0597700CA7471 /* SPTextField.swift */; };
		1C982B8F29C06B3D00CA7471 /* Recipe.swift in Sources */ = {isa = PBXBuildFile; fileRef = 1C982B8E29C06B3D00CA7471 /* Recipe.swift */; };
		1C982B9129C06C8A00CA7471 /* NetworkManager.swift in Sources */ = {isa = PBXBuildFile; fileRef = 1C982B9029C06C8A00CA7471 /* NetworkManager.swift */; };
		1C982B9329C0702E00CA7471 /* SPError.swift in Sources */ = {isa = PBXBuildFile; fileRef = 1C982B9229C0702E00CA7471 /* SPError.swift */; };
		1C982B9729C09DEE00CA7471 /* SPTitleLabel.swift in Sources */ = {isa = PBXBuildFile; fileRef = 1C982B9629C09DEE00CA7471 /* SPTitleLabel.swift */; };
		1C982B9A29C0A64700CA7471 /* UIView+Ext.swift in Sources */ = {isa = PBXBuildFile; fileRef = 1C982B9929C0A64700CA7471 /* UIView+Ext.swift */; };
		1CD522C929E354E700430F97 /* StackView+Ext.swift in Sources */ = {isa = PBXBuildFile; fileRef = 1CD522C829E354E700430F97 /* StackView+Ext.swift */; };
		1CF8D4E529DEDB6C002DD589 /* SPSignupScreenView.swift in Sources */ = {isa = PBXBuildFile; fileRef = 1CF8D4E429DEDB6C002DD589 /* SPSignupScreenView.swift */; };
		1CF8D4E829DEF6BF002DD589 /* WelcomeVC.swift in Sources */ = {isa = PBXBuildFile; fileRef = 1CF8D4E729DEF6BF002DD589 /* WelcomeVC.swift */; };
		1CF8D4EA29DEF6D6002DD589 /* SignUpVC.swift in Sources */ = {isa = PBXBuildFile; fileRef = 1CF8D4E929DEF6D6002DD589 /* SignUpVC.swift */; };
		1CF8D4EC29DEF6E9002DD589 /* SignInVC.swift in Sources */ = {isa = PBXBuildFile; fileRef = 1CF8D4EB29DEF6E9002DD589 /* SignInVC.swift */; };
/* End PBXBuildFile section */

/* Begin PBXFileReference section */
		1C2E8ED729C1E14C00DB0822 /* VC+Ext.swift */ = {isa = PBXFileReference; lastKnownFileType = sourcecode.swift; path = "VC+Ext.swift"; sourceTree = "<group>"; };
		1C2E8ED929C1E21B00DB0822 /* Tableview+Ext.swift */ = {isa = PBXFileReference; lastKnownFileType = sourcecode.swift; path = "Tableview+Ext.swift"; sourceTree = "<group>"; };
		1C2E8EDC29C1E6F400DB0822 /* CategoriesCollectionViewCell.swift */ = {isa = PBXFileReference; lastKnownFileType = sourcecode.swift; path = CategoriesCollectionViewCell.swift; sourceTree = "<group>"; };
		1C2E8EDF29C1E93200DB0822 /* SPImageView.swift */ = {isa = PBXFileReference; lastKnownFileType = sourcecode.swift; path = SPImageView.swift; sourceTree = "<group>"; };
		1C2EE92229C1C07700B3D24A /* SPBodyLabel.swift */ = {isa = PBXFileReference; lastKnownFileType = sourcecode.swift; path = SPBodyLabel.swift; sourceTree = "<group>"; };
		1C2EE92429C1C0AB00B3D24A /* SPSecondaryTitleLabel.swift */ = {isa = PBXFileReference; lastKnownFileType = sourcecode.swift; path = SPSecondaryTitleLabel.swift; sourceTree = "<group>"; };
		1C2EE92729C1C23100B3D24A /* SPAlertVC.swift */ = {isa = PBXFileReference; lastKnownFileType = sourcecode.swift; path = SPAlertVC.swift; sourceTree = "<group>"; };
		1C2EE92A29C1C35E00B3D24A /* SPAlertContainerView.swift */ = {isa = PBXFileReference; lastKnownFileType = sourcecode.swift; path = SPAlertContainerView.swift; sourceTree = "<group>"; };
		1C2EE92D29C1C3BB00B3D24A /* SPButton.swift */ = {isa = PBXFileReference; lastKnownFileType = sourcecode.swift; path = SPButton.swift; sourceTree = "<group>"; };
		1C322F1B29C76FED000BA900 /* PersistenceManager.swift */ = {isa = PBXFileReference; lastKnownFileType = sourcecode.swift; path = PersistenceManager.swift; sourceTree = "<group>"; };
		1C41DA6A29DC1B2800297F1A /* SignUpImageView.swift */ = {isa = PBXFileReference; lastKnownFileType = sourcecode.swift; path = SignUpImageView.swift; sourceTree = "<group>"; };
		1C41DA6C29DC272400297F1A /* SPContainerView.swift */ = {isa = PBXFileReference; lastKnownFileType = sourcecode.swift; path = SPContainerView.swift; sourceTree = "<group>"; };
		1C46121729BF795700B3C891 /* BookmarksVC.swift */ = {isa = PBXFileReference; lastKnownFileType = sourcecode.swift; path = BookmarksVC.swift; sourceTree = "<group>"; };
		1C46121929BF798400B3C891 /* RecipesVC.swift */ = {isa = PBXFileReference; lastKnownFileType = sourcecode.swift; path = RecipesVC.swift; sourceTree = "<group>"; };
		1C46121B29BF79B100B3C891 /* ProfileVC.swift */ = {isa = PBXFileReference; lastKnownFileType = sourcecode.swift; path = ProfileVC.swift; sourceTree = "<group>"; };
		1C46973529BD3FF900918782 /* practice.app */ = {isa = PBXFileReference; explicitFileType = wrapper.application; includeInIndex = 0; path = practice.app; sourceTree = BUILT_PRODUCTS_DIR; };
		1C46973829BD3FF900918782 /* AppDelegate.swift */ = {isa = PBXFileReference; lastKnownFileType = sourcecode.swift; path = AppDelegate.swift; sourceTree = "<group>"; };
		1C46973A29BD3FF900918782 /* SceneDelegate.swift */ = {isa = PBXFileReference; lastKnownFileType = sourcecode.swift; path = SceneDelegate.swift; sourceTree = "<group>"; };
		1C46973C29BD3FF900918782 /* HomeVC.swift */ = {isa = PBXFileReference; lastKnownFileType = sourcecode.swift; path = HomeVC.swift; sourceTree = "<group>"; };
		1C46974129BD3FFA00918782 /* Assets.xcassets */ = {isa = PBXFileReference; lastKnownFileType = folder.assetcatalog; path = Assets.xcassets; sourceTree = "<group>"; };
		1C46974429BD3FFA00918782 /* Base */ = {isa = PBXFileReference; lastKnownFileType = file.storyboard; name = Base; path = Base.lproj/LaunchScreen.storyboard; sourceTree = "<group>"; };
		1C46974629BD3FFA00918782 /* Info.plist */ = {isa = PBXFileReference; lastKnownFileType = text.plist.xml; path = Info.plist; sourceTree = "<group>"; };
		1C4BF8FA29D7299F009286D4 /* MadeItHeaderView.swift */ = {isa = PBXFileReference; lastKnownFileType = sourcecode.swift; path = MadeItHeaderView.swift; sourceTree = "<group>"; };
		1C4BF8FC29D72AED009286D4 /* MadeItCollectionViewCell.swift */ = {isa = PBXFileReference; lastKnownFileType = sourcecode.swift; path = MadeItCollectionViewCell.swift; sourceTree = "<group>"; };
		1C4BF8FE29D72E67009286D4 /* BreakfastHeaderView.swift */ = {isa = PBXFileReference; lastKnownFileType = sourcecode.swift; path = BreakfastHeaderView.swift; sourceTree = "<group>"; };
		1C4BF90029D72E84009286D4 /* LunchHeaderView.swift */ = {isa = PBXFileReference; lastKnownFileType = sourcecode.swift; path = LunchHeaderView.swift; sourceTree = "<group>"; };
		1C4BF90229D72E95009286D4 /* DinnerHeaderView.swift */ = {isa = PBXFileReference; lastKnownFileType = sourcecode.swift; path = DinnerHeaderView.swift; sourceTree = "<group>"; };
		1C4BF90429D72F85009286D4 /* BreakfastCollectionViewCell.swift */ = {isa = PBXFileReference; lastKnownFileType = sourcecode.swift; path = BreakfastCollectionViewCell.swift; sourceTree = "<group>"; };
		1C4BF90629D72F95009286D4 /* LunchCollectionViewCell.swift */ = {isa = PBXFileReference; lastKnownFileType = sourcecode.swift; path = LunchCollectionViewCell.swift; sourceTree = "<group>"; };
		1C4BF90829D72FA5009286D4 /* DinnerCollectionViewCell.swift */ = {isa = PBXFileReference; lastKnownFileType = sourcecode.swift; path = DinnerCollectionViewCell.swift; sourceTree = "<group>"; };
		1C4D728329D9C233009F911E /* OverlayView.swift */ = {isa = PBXFileReference; lastKnownFileType = sourcecode.swift; path = OverlayView.swift; sourceTree = "<group>"; };
		1C517FE529D5A17A00922940 /* BookmarksVC+Ext.swift */ = {isa = PBXFileReference; lastKnownFileType = sourcecode.swift; path = "BookmarksVC+Ext.swift"; sourceTree = "<group>"; };
		1C517FE729D5A45200922940 /* RVCollectionViewCell.swift */ = {isa = PBXFileReference; lastKnownFileType = sourcecode.swift; path = RVCollectionViewCell.swift; sourceTree = "<group>"; };
		1C517FE929D5AA9100922940 /* RVHeaderView.swift */ = {isa = PBXFileReference; lastKnownFileType = sourcecode.swift; path = RVHeaderView.swift; sourceTree = "<group>"; };
		1C51B09F29BF2CDB00A04FAD /* SPTabBarController.swift */ = {isa = PBXFileReference; lastKnownFileType = sourcecode.swift; path = SPTabBarController.swift; sourceTree = "<group>"; };
		1C5684F529D46F0F00A12137 /* RecommendationHeaderView.swift */ = {isa = PBXFileReference; lastKnownFileType = sourcecode.swift; path = RecommendationHeaderView.swift; sourceTree = "<group>"; };
		1C5B031929E6C678003C6AD8 /* GoogleService-Info.plist */ = {isa = PBXFileReference; fileEncoding = 4; lastKnownFileType = text.plist.xml; path = "GoogleService-Info.plist"; sourceTree = "<group>"; };
		1C5EA47729D3800800FDCEE0 /* CategoriesHeaderView.swift */ = {isa = PBXFileReference; lastKnownFileType = sourcecode.swift; path = CategoriesHeaderView.swift; sourceTree = "<group>"; };
		1C6BD91029D1DA4F00B7390B /* HomeVC+Ext.swift */ = {isa = PBXFileReference; lastKnownFileType = sourcecode.swift; path = "HomeVC+Ext.swift"; sourceTree = "<group>"; };
		1C70FD4C29D1CE5F0025120B /* RecommendationCollectionViewCell.swift */ = {isa = PBXFileReference; lastKnownFileType = sourcecode.swift; path = RecommendationCollectionViewCell.swift; sourceTree = "<group>"; };
		1C7FF06629C6D01C0063B280 /* UIHelper.swift */ = {isa = PBXFileReference; lastKnownFileType = sourcecode.swift; path = UIHelper.swift; sourceTree = "<group>"; };
		1C982B8A29C0597700CA7471 /* SPTextField.swift */ = {isa = PBXFileReference; lastKnownFileType = sourcecode.swift; path = SPTextField.swift; sourceTree = "<group>"; };
		1C982B8E29C06B3D00CA7471 /* Recipe.swift */ = {isa = PBXFileReference; lastKnownFileType = sourcecode.swift; path = Recipe.swift; sourceTree = "<group>"; };
		1C982B9029C06C8A00CA7471 /* NetworkManager.swift */ = {isa = PBXFileReference; lastKnownFileType = sourcecode.swift; path = NetworkManager.swift; sourceTree = "<group>"; };
		1C982B9229C0702E00CA7471 /* SPError.swift */ = {isa = PBXFileReference; lastKnownFileType = sourcecode.swift; path = SPError.swift; sourceTree = "<group>"; };
		1C982B9629C09DEE00CA7471 /* SPTitleLabel.swift */ = {isa = PBXFileReference; lastKnownFileType = sourcecode.swift; path = SPTitleLabel.swift; sourceTree = "<group>"; };
		1C982B9929C0A64700CA7471 /* UIView+Ext.swift */ = {isa = PBXFileReference; lastKnownFileType = sourcecode.swift; path = "UIView+Ext.swift"; sourceTree = "<group>"; };
		1CD522C829E354E700430F97 /* StackView+Ext.swift */ = {isa = PBXFileReference; lastKnownFileType = sourcecode.swift; path = "StackView+Ext.swift"; sourceTree = "<group>"; };
		1CF8D4E429DEDB6C002DD589 /* SPSignupScreenView.swift */ = {isa = PBXFileReference; lastKnownFileType = sourcecode.swift; path = SPSignupScreenView.swift; sourceTree = "<group>"; };
		1CF8D4E729DEF6BF002DD589 /* WelcomeVC.swift */ = {isa = PBXFileReference; lastKnownFileType = sourcecode.swift; path = WelcomeVC.swift; sourceTree = "<group>"; };
		1CF8D4E929DEF6D6002DD589 /* SignUpVC.swift */ = {isa = PBXFileReference; lastKnownFileType = sourcecode.swift; path = SignUpVC.swift; sourceTree = "<group>"; };
		1CF8D4EB29DEF6E9002DD589 /* SignInVC.swift */ = {isa = PBXFileReference; lastKnownFileType = sourcecode.swift; path = SignInVC.swift; sourceTree = "<group>"; };
/* End PBXFileReference section */

/* Begin PBXFrameworksBuildPhase section */
		1C46973229BD3FF900918782 /* Frameworks */ = {
			isa = PBXFrameworksBuildPhase;
			buildActionMask = 2147483647;
			files = (
				1C5B032529E6C89E003C6AD8 /* FirebaseDatabaseSwift in Frameworks */,
				1C5B031F29E6C89E003C6AD8 /* FirebaseAnalyticsSwift in Frameworks */,
				1C5B032129E6C89E003C6AD8 /* FirebaseAuth in Frameworks */,
				1C5B032329E6C89E003C6AD8 /* FirebaseDatabase in Frameworks */,
				1C5B032929E6C89E003C6AD8 /* FirebaseStorage in Frameworks */,
				1C5B031D29E6C89E003C6AD8 /* FirebaseAnalytics in Frameworks */,
				1C5B032729E6C89E003C6AD8 /* FirebaseFirestore in Frameworks */,
			);
			runOnlyForDeploymentPostprocessing = 0;
		};
/* End PBXFrameworksBuildPhase section */

/* Begin PBXGroup section */
		1C2E8EDB29C1E68200DB0822 /* Cells */ = {
			isa = PBXGroup;
			children = (
				1C2E8EDC29C1E6F400DB0822 /* CategoriesCollectionViewCell.swift */,
				1C70FD4C29D1CE5F0025120B /* RecommendationCollectionViewCell.swift */,
				1C517FE729D5A45200922940 /* RVCollectionViewCell.swift */,
				1C4BF8FC29D72AED009286D4 /* MadeItCollectionViewCell.swift */,
				1C4BF90429D72F85009286D4 /* BreakfastCollectionViewCell.swift */,
				1C4BF90629D72F95009286D4 /* LunchCollectionViewCell.swift */,
				1C4BF90829D72FA5009286D4 /* DinnerCollectionViewCell.swift */,
			);
			path = Cells;
			sourceTree = "<group>";
		};
		1C2E8EDE29C1E91600DB0822 /* ImageViews */ = {
			isa = PBXGroup;
			children = (
				1C2E8EDF29C1E93200DB0822 /* SPImageView.swift */,
				1C41DA6A29DC1B2800297F1A /* SignUpImageView.swift */,
			);
			path = ImageViews;
			sourceTree = "<group>";
		};
		1C2EE92629C1C20B00B3D24A /* ViewControllers */ = {
			isa = PBXGroup;
			children = (
				1CF8D4E629DEF68E002DD589 /* SignupScreenVCs */,
				1C2EE92729C1C23100B3D24A /* SPAlertVC.swift */,
			);
			path = ViewControllers;
			sourceTree = "<group>";
		};
		1C2EE92929C1C33E00B3D24A /* Views */ = {
			isa = PBXGroup;
			children = (
				1CF8D4E329DEDA75002DD589 /* CollectionViews */,
				1C41DA6C29DC272400297F1A /* SPContainerView.swift */,
				1CF8D4E429DEDB6C002DD589 /* SPSignupScreenView.swift */,
			);
			path = Views;
			sourceTree = "<group>";
		};
		1C2EE92C29C1C39100B3D24A /* Buttons */ = {
			isa = PBXGroup;
			children = (
				1C2EE92D29C1C3BB00B3D24A /* SPButton.swift */,
			);
			path = Buttons;
			sourceTree = "<group>";
		};
		1C46972C29BD3FF900918782 = {
			isa = PBXGroup;
			children = (
				1C46973729BD3FF900918782 /* practice */,
				1C46973629BD3FF900918782 /* Products */,
			);
			sourceTree = "<group>";
		};
		1C46973629BD3FF900918782 /* Products */ = {
			isa = PBXGroup;
			children = (
				1C46973529BD3FF900918782 /* practice.app */,
			);
			name = Products;
			sourceTree = "<group>";
		};
		1C46973729BD3FF900918782 /* practice */ = {
			isa = PBXGroup;
			children = (
				1C982B9829C0A62A00CA7471 /* Extension */,
				1C982B9429C0705D00CA7471 /* Utilities */,
				1C982B8D29C0695800CA7471 /* Managers */,
				1C982B8C29C0694F00CA7471 /* Model */,
				1C51B09E29BF2C3D00A04FAD /* Custom Views */,
				1C51B09D29BF2BE000A04FAD /* Screens */,
				1C51B09C29BF2BA600A04FAD /* Support */,
				1C46974629BD3FFA00918782 /* Info.plist */,
				1C5B031929E6C678003C6AD8 /* GoogleService-Info.plist */,
			);
			path = practice;
			sourceTree = "<group>";
		};
		1C51B09C29BF2BA600A04FAD /* Support */ = {
			isa = PBXGroup;
			children = (
				1C46973829BD3FF900918782 /* AppDelegate.swift */,
				1C46973A29BD3FF900918782 /* SceneDelegate.swift */,
				1C46974129BD3FFA00918782 /* Assets.xcassets */,
				1C46974329BD3FFA00918782 /* LaunchScreen.storyboard */,
			);
			path = Support;
			sourceTree = "<group>";
		};
		1C51B09D29BF2BE000A04FAD /* Screens */ = {
			isa = PBXGroup;
			children = (
				1C46973C29BD3FF900918782 /* HomeVC.swift */,
				1C46121929BF798400B3C891 /* RecipesVC.swift */,
				1C46121729BF795700B3C891 /* BookmarksVC.swift */,
				1C46121B29BF79B100B3C891 /* ProfileVC.swift */,
			);
			path = Screens;
			sourceTree = "<group>";
		};
		1C51B09E29BF2C3D00A04FAD /* Custom Views */ = {
			isa = PBXGroup;
			children = (
				1C2E8EDE29C1E91600DB0822 /* ImageViews */,
				1C2E8EDB29C1E68200DB0822 /* Cells */,
				1C2EE92C29C1C39100B3D24A /* Buttons */,
				1C2EE92929C1C33E00B3D24A /* Views */,
				1C2EE92629C1C20B00B3D24A /* ViewControllers */,
				1C982B9529C09DAC00CA7471 /* Labels */,
				1C982B8929C0593E00CA7471 /* TextFields */,
				1C51B09F29BF2CDB00A04FAD /* SPTabBarController.swift */,
			);
			path = "Custom Views";
			sourceTree = "<group>";
		};
		1C982B8929C0593E00CA7471 /* TextFields */ = {
			isa = PBXGroup;
			children = (
				1C982B8A29C0597700CA7471 /* SPTextField.swift */,
			);
			path = TextFields;
			sourceTree = "<group>";
		};
		1C982B8C29C0694F00CA7471 /* Model */ = {
			isa = PBXGroup;
			children = (
				1C982B8E29C06B3D00CA7471 /* Recipe.swift */,
			);
			path = Model;
			sourceTree = "<group>";
		};
		1C982B8D29C0695800CA7471 /* Managers */ = {
			isa = PBXGroup;
			children = (
				1C982B9029C06C8A00CA7471 /* NetworkManager.swift */,
				1C322F1B29C76FED000BA900 /* PersistenceManager.swift */,
			);
			path = Managers;
			sourceTree = "<group>";
		};
		1C982B9429C0705D00CA7471 /* Utilities */ = {
			isa = PBXGroup;
			children = (
				1C982B9229C0702E00CA7471 /* SPError.swift */,
				1C7FF06629C6D01C0063B280 /* UIHelper.swift */,
			);
			path = Utilities;
			sourceTree = "<group>";
		};
		1C982B9529C09DAC00CA7471 /* Labels */ = {
			isa = PBXGroup;
			children = (
				1C982B9629C09DEE00CA7471 /* SPTitleLabel.swift */,
				1C2EE92229C1C07700B3D24A /* SPBodyLabel.swift */,
				1C2EE92429C1C0AB00B3D24A /* SPSecondaryTitleLabel.swift */,
			);
			path = Labels;
			sourceTree = "<group>";
		};
		1C982B9829C0A62A00CA7471 /* Extension */ = {
			isa = PBXGroup;
			children = (
				1C982B9929C0A64700CA7471 /* UIView+Ext.swift */,
				1C2E8ED729C1E14C00DB0822 /* VC+Ext.swift */,
				1C2E8ED929C1E21B00DB0822 /* Tableview+Ext.swift */,
				1C6BD91029D1DA4F00B7390B /* HomeVC+Ext.swift */,
				1C517FE529D5A17A00922940 /* BookmarksVC+Ext.swift */,
				1CD522C829E354E700430F97 /* StackView+Ext.swift */,
			);
			path = Extension;
			sourceTree = "<group>";
		};
		1CF8D4E329DEDA75002DD589 /* CollectionViews */ = {
			isa = PBXGroup;
			children = (
				1C2EE92A29C1C35E00B3D24A /* SPAlertContainerView.swift */,
				1C5EA47729D3800800FDCEE0 /* CategoriesHeaderView.swift */,
				1C5684F529D46F0F00A12137 /* RecommendationHeaderView.swift */,
				1C517FE929D5AA9100922940 /* RVHeaderView.swift */,
				1C4BF8FA29D7299F009286D4 /* MadeItHeaderView.swift */,
				1C4BF8FE29D72E67009286D4 /* BreakfastHeaderView.swift */,
				1C4BF90029D72E84009286D4 /* LunchHeaderView.swift */,
				1C4BF90229D72E95009286D4 /* DinnerHeaderView.swift */,
				1C4D728329D9C233009F911E /* OverlayView.swift */,
			);
			path = CollectionViews;
			sourceTree = "<group>";
		};
		1CF8D4E629DEF68E002DD589 /* SignupScreenVCs */ = {
			isa = PBXGroup;
			children = (
				1CF8D4E729DEF6BF002DD589 /* WelcomeVC.swift */,
				1CF8D4E929DEF6D6002DD589 /* SignUpVC.swift */,
				1CF8D4EB29DEF6E9002DD589 /* SignInVC.swift */,
			);
			path = SignupScreenVCs;
			sourceTree = "<group>";
		};
/* End PBXGroup section */

/* Begin PBXNativeTarget section */
		1C46973429BD3FF900918782 /* practice */ = {
			isa = PBXNativeTarget;
			buildConfigurationList = 1C46974929BD3FFA00918782 /* Build configuration list for PBXNativeTarget "practice" */;
			buildPhases = (
				1C46973129BD3FF900918782 /* Sources */,
				1C46973229BD3FF900918782 /* Frameworks */,
				1C46973329BD3FF900918782 /* Resources */,
			);
			buildRules = (
			);
			dependencies = (
			);
			name = practice;
			packageProductDependencies = (
				1C5B031C29E6C89E003C6AD8 /* FirebaseAnalytics */,
				1C5B031E29E6C89E003C6AD8 /* FirebaseAnalyticsSwift */,
				1C5B032029E6C89E003C6AD8 /* FirebaseAuth */,
				1C5B032229E6C89E003C6AD8 /* FirebaseDatabase */,
				1C5B032429E6C89E003C6AD8 /* FirebaseDatabaseSwift */,
				1C5B032629E6C89E003C6AD8 /* FirebaseFirestore */,
				1C5B032829E6C89E003C6AD8 /* FirebaseStorage */,
			);
			productName = practice;
			productReference = 1C46973529BD3FF900918782 /* practice.app */;
			productType = "com.apple.product-type.application";
		};
/* End PBXNativeTarget section */

/* Begin PBXProject section */
		1C46972D29BD3FF900918782 /* Project object */ = {
			isa = PBXProject;
			attributes = {
				BuildIndependentTargetsInParallel = 1;
				LastSwiftUpdateCheck = 1420;
				LastUpgradeCheck = 1420;
				TargetAttributes = {
					1C46973429BD3FF900918782 = {
						CreatedOnToolsVersion = 14.2;
					};
				};
			};
			buildConfigurationList = 1C46973029BD3FF900918782 /* Build configuration list for PBXProject "Recipe Roll" */;
			compatibilityVersion = "Xcode 14.0";
			developmentRegion = en;
			hasScannedForEncodings = 0;
			knownRegions = (
				en,
				Base,
			);
			mainGroup = 1C46972C29BD3FF900918782;
			packageReferences = (
				1C5B031B29E6C89E003C6AD8 /* XCRemoteSwiftPackageReference "firebase-ios-sdk" */,
			);
			productRefGroup = 1C46973629BD3FF900918782 /* Products */;
			projectDirPath = "";
			projectRoot = "";
			targets = (
				1C46973429BD3FF900918782 /* practice */,
			);
		};
/* End PBXProject section */

/* Begin PBXResourcesBuildPhase section */
		1C46973329BD3FF900918782 /* Resources */ = {
			isa = PBXResourcesBuildPhase;
			buildActionMask = 2147483647;
			files = (
				1C46974529BD3FFA00918782 /* LaunchScreen.storyboard in Resources */,
				1C46974229BD3FFA00918782 /* Assets.xcassets in Resources */,
				1C5B031A29E6C679003C6AD8 /* GoogleService-Info.plist in Resources */,
			);
			runOnlyForDeploymentPostprocessing = 0;
		};
/* End PBXResourcesBuildPhase section */

/* Begin PBXSourcesBuildPhase section */
		1C46973129BD3FF900918782 /* Sources */ = {
			isa = PBXSourcesBuildPhase;
			buildActionMask = 2147483647;
			files = (
				1C46121829BF795700B3C891 /* BookmarksVC.swift in Sources */,
				1C46973D29BD3FF900918782 /* HomeVC.swift in Sources */,
				1C46973929BD3FF900918782 /* AppDelegate.swift in Sources */,
				1C2E8EDD29C1E6F400DB0822 /* CategoriesCollectionViewCell.swift in Sources */,
				1C517FE829D5A45200922940 /* RVCollectionViewCell.swift in Sources */,
				1C517FE629D5A17A00922940 /* BookmarksVC+Ext.swift in Sources */,
				1C2EE92529C1C0AB00B3D24A /* SPSecondaryTitleLabel.swift in Sources */,
				1C322F1C29C76FED000BA900 /* PersistenceManager.swift in Sources */,
				1C982B8B29C0597700CA7471 /* SPTextField.swift in Sources */,
				1C4D728429D9C233009F911E /* OverlayView.swift in Sources */,
				1C4BF8FB29D7299F009286D4 /* MadeItHeaderView.swift in Sources */,
				1C982B9A29C0A64700CA7471 /* UIView+Ext.swift in Sources */,
				1C41DA6B29DC1B2800297F1A /* SignUpImageView.swift in Sources */,
				1CD522C929E354E700430F97 /* StackView+Ext.swift in Sources */,
				1CF8D4E529DEDB6C002DD589 /* SPSignupScreenView.swift in Sources */,
				1C4BF90929D72FA5009286D4 /* DinnerCollectionViewCell.swift in Sources */,
				1C982B9129C06C8A00CA7471 /* NetworkManager.swift in Sources */,
				1CF8D4EC29DEF6E9002DD589 /* SignInVC.swift in Sources */,
				1C4BF90129D72E84009286D4 /* LunchHeaderView.swift in Sources */,
				1C4BF90729D72F95009286D4 /* LunchCollectionViewCell.swift in Sources */,
				1C4BF90529D72F85009286D4 /* BreakfastCollectionViewCell.swift in Sources */,
				1C6BD91129D1DA4F00B7390B /* HomeVC+Ext.swift in Sources */,
				1C2EE92829C1C23100B3D24A /* SPAlertVC.swift in Sources */,
				1C2E8EDA29C1E21B00DB0822 /* Tableview+Ext.swift in Sources */,
				1C517FEA29D5AA9100922940 /* RVHeaderView.swift in Sources */,
				1C4BF8FD29D72AED009286D4 /* MadeItCollectionViewCell.swift in Sources */,
				1C70FD4D29D1CE5F0025120B /* RecommendationCollectionViewCell.swift in Sources */,
				1C2EE92329C1C07700B3D24A /* SPBodyLabel.swift in Sources */,
				1C51B0A029BF2CDB00A04FAD /* SPTabBarController.swift in Sources */,
				1C46121C29BF79B100B3C891 /* ProfileVC.swift in Sources */,
				1CF8D4EA29DEF6D6002DD589 /* SignUpVC.swift in Sources */,
				1C41DA6D29DC272400297F1A /* SPContainerView.swift in Sources */,
				1C982B8F29C06B3D00CA7471 /* Recipe.swift in Sources */,
				1C2EE92E29C1C3BB00B3D24A /* SPButton.swift in Sources */,
				1CF8D4E829DEF6BF002DD589 /* WelcomeVC.swift in Sources */,
				1C46973B29BD3FF900918782 /* SceneDelegate.swift in Sources */,
				1C982B9329C0702E00CA7471 /* SPError.swift in Sources */,
				1C5684F629D46F0F00A12137 /* RecommendationHeaderView.swift in Sources */,
				1C2EE92B29C1C35E00B3D24A /* SPAlertContainerView.swift in Sources */,
				1C2E8ED829C1E14C00DB0822 /* VC+Ext.swift in Sources */,
				1C4BF90329D72E95009286D4 /* DinnerHeaderView.swift in Sources */,
				1C982B9729C09DEE00CA7471 /* SPTitleLabel.swift in Sources */,
				1C46121A29BF798400B3C891 /* RecipesVC.swift in Sources */,
				1C7FF06729C6D01C0063B280 /* UIHelper.swift in Sources */,
				1C2E8EE029C1E93200DB0822 /* SPImageView.swift in Sources */,
				1C5EA47829D3800800FDCEE0 /* CategoriesHeaderView.swift in Sources */,
				1C4BF8FF29D72E67009286D4 /* BreakfastHeaderView.swift in Sources */,
			);
			runOnlyForDeploymentPostprocessing = 0;
		};
/* End PBXSourcesBuildPhase section */

/* Begin PBXVariantGroup section */
		1C46974329BD3FFA00918782 /* LaunchScreen.storyboard */ = {
			isa = PBXVariantGroup;
			children = (
				1C46974429BD3FFA00918782 /* Base */,
			);
			name = LaunchScreen.storyboard;
			sourceTree = "<group>";
		};
/* End PBXVariantGroup section */

/* Begin XCBuildConfiguration section */
		1C46974729BD3FFA00918782 /* Debug */ = {
			isa = XCBuildConfiguration;
			buildSettings = {
				ALWAYS_SEARCH_USER_PATHS = NO;
				CLANG_ANALYZER_NONNULL = YES;
				CLANG_ANALYZER_NUMBER_OBJECT_CONVERSION = YES_AGGRESSIVE;
				CLANG_CXX_LANGUAGE_STANDARD = "gnu++20";
				CLANG_ENABLE_MODULES = YES;
				CLANG_ENABLE_OBJC_ARC = YES;
				CLANG_ENABLE_OBJC_WEAK = YES;
				CLANG_WARN_BLOCK_CAPTURE_AUTORELEASING = YES;
				CLANG_WARN_BOOL_CONVERSION = YES;
				CLANG_WARN_COMMA = YES;
				CLANG_WARN_CONSTANT_CONVERSION = YES;
				CLANG_WARN_DEPRECATED_OBJC_IMPLEMENTATIONS = YES;
				CLANG_WARN_DIRECT_OBJC_ISA_USAGE = YES_ERROR;
				CLANG_WARN_DOCUMENTATION_COMMENTS = YES;
				CLANG_WARN_EMPTY_BODY = YES;
				CLANG_WARN_ENUM_CONVERSION = YES;
				CLANG_WARN_INFINITE_RECURSION = YES;
				CLANG_WARN_INT_CONVERSION = YES;
				CLANG_WARN_NON_LITERAL_NULL_CONVERSION = YES;
				CLANG_WARN_OBJC_IMPLICIT_RETAIN_SELF = YES;
				CLANG_WARN_OBJC_LITERAL_CONVERSION = YES;
				CLANG_WARN_OBJC_ROOT_CLASS = YES_ERROR;
				CLANG_WARN_QUOTED_INCLUDE_IN_FRAMEWORK_HEADER = YES;
				CLANG_WARN_RANGE_LOOP_ANALYSIS = YES;
				CLANG_WARN_STRICT_PROTOTYPES = YES;
				CLANG_WARN_SUSPICIOUS_MOVE = YES;
				CLANG_WARN_UNGUARDED_AVAILABILITY = YES_AGGRESSIVE;
				CLANG_WARN_UNREACHABLE_CODE = YES;
				CLANG_WARN__DUPLICATE_METHOD_MATCH = YES;
				COPY_PHASE_STRIP = NO;
				DEBUG_INFORMATION_FORMAT = dwarf;
				ENABLE_STRICT_OBJC_MSGSEND = YES;
				ENABLE_TESTABILITY = YES;
				GCC_C_LANGUAGE_STANDARD = gnu11;
				GCC_DYNAMIC_NO_PIC = NO;
				GCC_NO_COMMON_BLOCKS = YES;
				GCC_OPTIMIZATION_LEVEL = 0;
				GCC_PREPROCESSOR_DEFINITIONS = (
					"DEBUG=1",
					"$(inherited)",
				);
				GCC_WARN_64_TO_32_BIT_CONVERSION = YES;
				GCC_WARN_ABOUT_RETURN_TYPE = YES_ERROR;
				GCC_WARN_UNDECLARED_SELECTOR = YES;
				GCC_WARN_UNINITIALIZED_AUTOS = YES_AGGRESSIVE;
				GCC_WARN_UNUSED_FUNCTION = YES;
				GCC_WARN_UNUSED_VARIABLE = YES;
				IPHONEOS_DEPLOYMENT_TARGET = 16.2;
				MTL_ENABLE_DEBUG_INFO = INCLUDE_SOURCE;
				MTL_FAST_MATH = YES;
				ONLY_ACTIVE_ARCH = YES;
				SDKROOT = iphoneos;
				SWIFT_ACTIVE_COMPILATION_CONDITIONS = DEBUG;
				SWIFT_OPTIMIZATION_LEVEL = "-Onone";
			};
			name = Debug;
		};
		1C46974829BD3FFA00918782 /* Release */ = {
			isa = XCBuildConfiguration;
			buildSettings = {
				ALWAYS_SEARCH_USER_PATHS = NO;
				CLANG_ANALYZER_NONNULL = YES;
				CLANG_ANALYZER_NUMBER_OBJECT_CONVERSION = YES_AGGRESSIVE;
				CLANG_CXX_LANGUAGE_STANDARD = "gnu++20";
				CLANG_ENABLE_MODULES = YES;
				CLANG_ENABLE_OBJC_ARC = YES;
				CLANG_ENABLE_OBJC_WEAK = YES;
				CLANG_WARN_BLOCK_CAPTURE_AUTORELEASING = YES;
				CLANG_WARN_BOOL_CONVERSION = YES;
				CLANG_WARN_COMMA = YES;
				CLANG_WARN_CONSTANT_CONVERSION = YES;
				CLANG_WARN_DEPRECATED_OBJC_IMPLEMENTATIONS = YES;
				CLANG_WARN_DIRECT_OBJC_ISA_USAGE = YES_ERROR;
				CLANG_WARN_DOCUMENTATION_COMMENTS = YES;
				CLANG_WARN_EMPTY_BODY = YES;
				CLANG_WARN_ENUM_CONVERSION = YES;
				CLANG_WARN_INFINITE_RECURSION = YES;
				CLANG_WARN_INT_CONVERSION = YES;
				CLANG_WARN_NON_LITERAL_NULL_CONVERSION = YES;
				CLANG_WARN_OBJC_IMPLICIT_RETAIN_SELF = YES;
				CLANG_WARN_OBJC_LITERAL_CONVERSION = YES;
				CLANG_WARN_OBJC_ROOT_CLASS = YES_ERROR;
				CLANG_WARN_QUOTED_INCLUDE_IN_FRAMEWORK_HEADER = YES;
				CLANG_WARN_RANGE_LOOP_ANALYSIS = YES;
				CLANG_WARN_STRICT_PROTOTYPES = YES;
				CLANG_WARN_SUSPICIOUS_MOVE = YES;
				CLANG_WARN_UNGUARDED_AVAILABILITY = YES_AGGRESSIVE;
				CLANG_WARN_UNREACHABLE_CODE = YES;
				CLANG_WARN__DUPLICATE_METHOD_MATCH = YES;
				COPY_PHASE_STRIP = NO;
				DEBUG_INFORMATION_FORMAT = "dwarf-with-dsym";
				ENABLE_NS_ASSERTIONS = NO;
				ENABLE_STRICT_OBJC_MSGSEND = YES;
				GCC_C_LANGUAGE_STANDARD = gnu11;
				GCC_NO_COMMON_BLOCKS = YES;
				GCC_WARN_64_TO_32_BIT_CONVERSION = YES;
				GCC_WARN_ABOUT_RETURN_TYPE = YES_ERROR;
				GCC_WARN_UNDECLARED_SELECTOR = YES;
				GCC_WARN_UNINITIALIZED_AUTOS = YES_AGGRESSIVE;
				GCC_WARN_UNUSED_FUNCTION = YES;
				GCC_WARN_UNUSED_VARIABLE = YES;
				IPHONEOS_DEPLOYMENT_TARGET = 16.2;
				MTL_ENABLE_DEBUG_INFO = NO;
				MTL_FAST_MATH = YES;
				SDKROOT = iphoneos;
				SWIFT_COMPILATION_MODE = wholemodule;
				SWIFT_OPTIMIZATION_LEVEL = "-O";
				VALIDATE_PRODUCT = YES;
			};
			name = Release;
		};
		1C46974A29BD3FFA00918782 /* Debug */ = {
			isa = XCBuildConfiguration;
			buildSettings = {
				ASSETCATALOG_COMPILER_APPICON_NAME = AppIcon;
				ASSETCATALOG_COMPILER_GLOBAL_ACCENT_COLOR_NAME = AccentColor;
				CODE_SIGN_STYLE = Automatic;
				CURRENT_PROJECT_VERSION = 1;
				DEVELOPMENT_TEAM = AGL5347G8K;
				GENERATE_INFOPLIST_FILE = YES;
				INFOPLIST_FILE = practice/Info.plist;
				INFOPLIST_KEY_UIApplicationSupportsIndirectInputEvents = YES;
				INFOPLIST_KEY_UILaunchStoryboardName = LaunchScreen;
				INFOPLIST_KEY_UISupportedInterfaceOrientations_iPad = "UIInterfaceOrientationPortrait UIInterfaceOrientationPortraitUpsideDown UIInterfaceOrientationLandscapeLeft UIInterfaceOrientationLandscapeRight";
				INFOPLIST_KEY_UISupportedInterfaceOrientations_iPhone = "UIInterfaceOrientationPortrait UIInterfaceOrientationLandscapeLeft UIInterfaceOrientationLandscapeRight";
				LD_RUNPATH_SEARCH_PATHS = (
					"$(inherited)",
					"@executable_path/Frameworks",
				);
				MARKETING_VERSION = 1.0;
				PRODUCT_BUNDLE_IDENTIFIER = com.duskun.practice;
				PRODUCT_NAME = "$(TARGET_NAME)";
				SWIFT_EMIT_LOC_STRINGS = YES;
				SWIFT_VERSION = 5.0;
				TARGETED_DEVICE_FAMILY = "1,2";
			};
			name = Debug;
		};
		1C46974B29BD3FFA00918782 /* Release */ = {
			isa = XCBuildConfiguration;
			buildSettings = {
				ASSETCATALOG_COMPILER_APPICON_NAME = AppIcon;
				ASSETCATALOG_COMPILER_GLOBAL_ACCENT_COLOR_NAME = AccentColor;
				CODE_SIGN_STYLE = Automatic;
				CURRENT_PROJECT_VERSION = 1;
				DEVELOPMENT_TEAM = AGL5347G8K;
				GENERATE_INFOPLIST_FILE = YES;
				INFOPLIST_FILE = practice/Info.plist;
				INFOPLIST_KEY_UIApplicationSupportsIndirectInputEvents = YES;
				INFOPLIST_KEY_UILaunchStoryboardName = LaunchScreen;
				INFOPLIST_KEY_UISupportedInterfaceOrientations_iPad = "UIInterfaceOrientationPortrait UIInterfaceOrientationPortraitUpsideDown UIInterfaceOrientationLandscapeLeft UIInterfaceOrientationLandscapeRight";
				INFOPLIST_KEY_UISupportedInterfaceOrientations_iPhone = "UIInterfaceOrientationPortrait UIInterfaceOrientationLandscapeLeft UIInterfaceOrientationLandscapeRight";
				LD_RUNPATH_SEARCH_PATHS = (
					"$(inherited)",
					"@executable_path/Frameworks",
				);
				MARKETING_VERSION = 1.0;
				PRODUCT_BUNDLE_IDENTIFIER = com.duskun.practice;
				PRODUCT_NAME = "$(TARGET_NAME)";
				SWIFT_EMIT_LOC_STRINGS = YES;
				SWIFT_VERSION = 5.0;
				TARGETED_DEVICE_FAMILY = "1,2";
			};
			name = Release;
		};
/* End XCBuildConfiguration section */

/* Begin XCConfigurationList section */
		1C46973029BD3FF900918782 /* Build configuration list for PBXProject "Recipe Roll" */ = {
			isa = XCConfigurationList;
			buildConfigurations = (
				1C46974729BD3FFA00918782 /* Debug */,
				1C46974829BD3FFA00918782 /* Release */,
			);
			defaultConfigurationIsVisible = 0;
			defaultConfigurationName = Release;
		};
		1C46974929BD3FFA00918782 /* Build configuration list for PBXNativeTarget "practice" */ = {
			isa = XCConfigurationList;
			buildConfigurations = (
				1C46974A29BD3FFA00918782 /* Debug */,
				1C46974B29BD3FFA00918782 /* Release */,
			);
			defaultConfigurationIsVisible = 0;
			defaultConfigurationName = Release;
		};
/* End XCConfigurationList section */

/* Begin XCRemoteSwiftPackageReference section */
		1C5B031B29E6C89E003C6AD8 /* XCRemoteSwiftPackageReference "firebase-ios-sdk" */ = {
			isa = XCRemoteSwiftPackageReference;
			repositoryURL = "https://github.com/firebase/firebase-ios-sdk";
			requirement = {
				kind = upToNextMajorVersion;
				minimumVersion = 10.0.0;
			};
		};
/* End XCRemoteSwiftPackageReference section */

/* Begin XCSwiftPackageProductDependency section */
		1C5B031C29E6C89E003C6AD8 /* FirebaseAnalytics */ = {
			isa = XCSwiftPackageProductDependency;
			package = 1C5B031B29E6C89E003C6AD8 /* XCRemoteSwiftPackageReference "firebase-ios-sdk" */;
			productName = FirebaseAnalytics;
		};
		1C5B031E29E6C89E003C6AD8 /* FirebaseAnalyticsSwift */ = {
			isa = XCSwiftPackageProductDependency;
			package = 1C5B031B29E6C89E003C6AD8 /* XCRemoteSwiftPackageReference "firebase-ios-sdk" */;
			productName = FirebaseAnalyticsSwift;
		};
		1C5B032029E6C89E003C6AD8 /* FirebaseAuth */ = {
			isa = XCSwiftPackageProductDependency;
			package = 1C5B031B29E6C89E003C6AD8 /* XCRemoteSwiftPackageReference "firebase-ios-sdk" */;
			productName = FirebaseAuth;
		};
		1C5B032229E6C89E003C6AD8 /* FirebaseDatabase */ = {
			isa = XCSwiftPackageProductDependency;
			package = 1C5B031B29E6C89E003C6AD8 /* XCRemoteSwiftPackageReference "firebase-ios-sdk" */;
			productName = FirebaseDatabase;
		};
		1C5B032429E6C89E003C6AD8 /* FirebaseDatabaseSwift */ = {
			isa = XCSwiftPackageProductDependency;
			package = 1C5B031B29E6C89E003C6AD8 /* XCRemoteSwiftPackageReference "firebase-ios-sdk" */;
			productName = FirebaseDatabaseSwift;
		};
		1C5B032629E6C89E003C6AD8 /* FirebaseFirestore */ = {
			isa = XCSwiftPackageProductDependency;
			package = 1C5B031B29E6C89E003C6AD8 /* XCRemoteSwiftPackageReference "firebase-ios-sdk" */;
			productName = FirebaseFirestore;
		};
		1C5B032829E6C89E003C6AD8 /* FirebaseStorage */ = {
			isa = XCSwiftPackageProductDependency;
			package = 1C5B031B29E6C89E003C6AD8 /* XCRemoteSwiftPackageReference "firebase-ios-sdk" */;
			productName = FirebaseStorage;
		};
/* End XCSwiftPackageProductDependency section */
	};
	rootObject = 1C46972D29BD3FF900918782 /* Project object */;
}
